
Microsoft Visual Studio Solution File, Format Version 12.00
# Visual Studio Version 17
VisualStudioVersion = 17.13.35931.197 d17.13
MinimumVisualStudioVersion = 10.0.40219.1
Project("{FAE04EC0-301F-11D3-BF4B-00C04F79EFBC}") = "Biblioteca", "Biblioteca.csproj", "{21E6138A-EC1E-4C4E-9C8C-537D83E4ED9A}"
EndProject
Global
	GlobalSection(SolutionConfigurationPlatforms) = preSolution
		Debug|Any CPU = Debug|Any CPU
		Release|Any CPU = Release|Any CPU
	EndGlobalSection
	GlobalSection(ProjectConfigurationPlatforms) = postSolution
		{21E6138A-EC1E-4C4E-9C8C-537D83E4ED9A}.Debug|Any CPU.ActiveCfg = Debug|Any CPU
		{21E6138A-EC1E-4C4E-9C8C-537D83E4ED9A}.Debug|Any CPU.Build.0 = Debug|Any CPU
		{21E6138A-EC1E-4C4E-9C8C-537D83E4ED9A}.Release|Any CPU.ActiveCfg = Release|Any CPU
		{21E6138A-EC1E-4C4E-9C8C-537D83E4ED9A}.Release|Any CPU.Build.0 = Release|Any CPU
	EndGlobalSection
	GlobalSection(SolutionProperties) = preSolution
		HideSolutionNode = FALSE
	EndGlobalSection
	GlobalSection(ExtensibilityGlobals) = postSolution
		SolutionGuid = {F469CFA2-4EC2-4843-9CC5-8C48B87C5F15}
	EndGlobalSection
EndGlobal
